// !$*UTF8*$!
{
	archiveVersion = 1;
	classes = {
	};
	objectVersion = 56;
	objects = {

/* Begin PBXBuildFile section */
		5B4F98A82948F24E00700D83 /* IGFeedPostTableViewCell.swift in Sources */ = {isa = PBXBuildFile; fileRef = 5B4F98A72948F24E00700D83 /* IGFeedPostTableViewCell.swift */; };
		5B4F98AB2948FB5D00700D83 /* IGFeedPostHeaderTableViewCell.swift in Sources */ = {isa = PBXBuildFile; fileRef = 5B4F98AA2948FB5D00700D83 /* IGFeedPostHeaderTableViewCell.swift */; };
		5B4F98AD2948FB8400700D83 /* IGFeedPostActionsTableViewCell.swift in Sources */ = {isa = PBXBuildFile; fileRef = 5B4F98AC2948FB8400700D83 /* IGFeedPostActionsTableViewCell.swift */; };
		5B4F98AF2948FBAD00700D83 /* IGFeedPostGeneralTableViewCell.swift in Sources */ = {isa = PBXBuildFile; fileRef = 5B4F98AE2948FBAD00700D83 /* IGFeedPostGeneralTableViewCell.swift */; };
		5B6CB96A293F958C006EE2CA /* AppDelegate.swift in Sources */ = {isa = PBXBuildFile; fileRef = 5B6CB969293F958C006EE2CA /* AppDelegate.swift */; };
		5B6CB96C293F958C006EE2CA /* SceneDelegate.swift in Sources */ = {isa = PBXBuildFile; fileRef = 5B6CB96B293F958C006EE2CA /* SceneDelegate.swift */; };
		5B6CB96E293F958C006EE2CA /* HomeViewController.swift in Sources */ = {isa = PBXBuildFile; fileRef = 5B6CB96D293F958C006EE2CA /* HomeViewController.swift */; };
		5B6CB971293F958C006EE2CA /* Main.storyboard in Resources */ = {isa = PBXBuildFile; fileRef = 5B6CB96F293F958C006EE2CA /* Main.storyboard */; };
		5B6CB973293F958E006EE2CA /* Assets.xcassets in Resources */ = {isa = PBXBuildFile; fileRef = 5B6CB972293F958E006EE2CA /* Assets.xcassets */; };
		5B6CB976293F958E006EE2CA /* LaunchScreen.storyboard in Resources */ = {isa = PBXBuildFile; fileRef = 5B6CB974293F958E006EE2CA /* LaunchScreen.storyboard */; };
		5B6CB982293F9692006EE2CA /* ExploreViewController.swift in Sources */ = {isa = PBXBuildFile; fileRef = 5B6CB981293F9692006EE2CA /* ExploreViewController.swift */; };
		5B6CB984293F9713006EE2CA /* CameraViewController.swift in Sources */ = {isa = PBXBuildFile; fileRef = 5B6CB983293F9713006EE2CA /* CameraViewController.swift */; };
		5B6CB986293F972C006EE2CA /* NotificationViewController.swift in Sources */ = {isa = PBXBuildFile; fileRef = 5B6CB985293F972C006EE2CA /* NotificationViewController.swift */; };
		5B6CB988293F973A006EE2CA /* ProfileViewController.swift in Sources */ = {isa = PBXBuildFile; fileRef = 5B6CB987293F973A006EE2CA /* ProfileViewController.swift */; };
		5B6CB98D293F97A7006EE2CA /* LoginViewController.swift in Sources */ = {isa = PBXBuildFile; fileRef = 5B6CB98C293F97A7006EE2CA /* LoginViewController.swift */; };
		5B6CB98F293F97B9006EE2CA /* RegistrationViewController.swift in Sources */ = {isa = PBXBuildFile; fileRef = 5B6CB98E293F97B9006EE2CA /* RegistrationViewController.swift */; };
		5B6CB991293F97DB006EE2CA /* PostViewController.swift in Sources */ = {isa = PBXBuildFile; fileRef = 5B6CB990293F97DB006EE2CA /* PostViewController.swift */; };
		5B6CB993293F9805006EE2CA /* EditProfileViewController.swift in Sources */ = {isa = PBXBuildFile; fileRef = 5B6CB992293F9805006EE2CA /* EditProfileViewController.swift */; };
		5B6CB995293F981C006EE2CA /* SettingsViewController.swift in Sources */ = {isa = PBXBuildFile; fileRef = 5B6CB994293F981C006EE2CA /* SettingsViewController.swift */; };
		5B6CB997293F9833006EE2CA /* ListViewController.swift in Sources */ = {isa = PBXBuildFile; fileRef = 5B6CB996293F9833006EE2CA /* ListViewController.swift */; };
		5B6CB999293F9846006EE2CA /* SearchViewController.swift in Sources */ = {isa = PBXBuildFile; fileRef = 5B6CB998293F9846006EE2CA /* SearchViewController.swift */; };
		5B6CB99B293F9855006EE2CA /* SearchResultViewController.swift in Sources */ = {isa = PBXBuildFile; fileRef = 5B6CB99A293F9855006EE2CA /* SearchResultViewController.swift */; };
		5B6CB99D293F9887006EE2CA /* PostEditorViewController.swift in Sources */ = {isa = PBXBuildFile; fileRef = 5B6CB99C293F9887006EE2CA /* PostEditorViewController.swift */; };
		5B6CB99F293F98B0006EE2CA /* PublishPostViewController.swift in Sources */ = {isa = PBXBuildFile; fileRef = 5B6CB99E293F98B0006EE2CA /* PublishPostViewController.swift */; };
		5B6CB9A1293F9F3D006EE2CA /* GoogleService-Info.plist in Resources */ = {isa = PBXBuildFile; fileRef = 5B6CB9A0293F9F3D006EE2CA /* GoogleService-Info.plist */; };
		5B6CB9A4293FA202006EE2CA /* DatabaseManager.swift in Sources */ = {isa = PBXBuildFile; fileRef = 5B6CB9A3293FA202006EE2CA /* DatabaseManager.swift */; };
		5B6CB9A6293FA2CE006EE2CA /* AuthManager.swift in Sources */ = {isa = PBXBuildFile; fileRef = 5B6CB9A5293FA2CE006EE2CA /* AuthManager.swift */; };
		5B6CB9A8293FA32E006EE2CA /* StorageManager.swift in Sources */ = {isa = PBXBuildFile; fileRef = 5B6CB9A7293FA32E006EE2CA /* StorageManager.swift */; };
		5B6CB9AA293FACC7006EE2CA /* Extension.swift in Sources */ = {isa = PBXBuildFile; fileRef = 5B6CB9A9293FACC7006EE2CA /* Extension.swift */; };
		D00CFF629D5ED51466A8C8A0 /* Pods_InstagramClone.framework in Frameworks */ = {isa = PBXBuildFile; fileRef = A7F5D17815A0D8D5E949B8AD /* Pods_InstagramClone.framework */; };
/* End PBXBuildFile section */

/* Begin PBXFileReference section */
		5B4F98A72948F24E00700D83 /* IGFeedPostTableViewCell.swift */ = {isa = PBXFileReference; lastKnownFileType = sourcecode.swift; path = IGFeedPostTableViewCell.swift; sourceTree = "<group>"; };
		5B4F98AA2948FB5D00700D83 /* IGFeedPostHeaderTableViewCell.swift */ = {isa = PBXFileReference; lastKnownFileType = sourcecode.swift; path = IGFeedPostHeaderTableViewCell.swift; sourceTree = "<group>"; };
		5B4F98AC2948FB8400700D83 /* IGFeedPostActionsTableViewCell.swift */ = {isa = PBXFileReference; lastKnownFileType = sourcecode.swift; path = IGFeedPostActionsTableViewCell.swift; sourceTree = "<group>"; };
		5B4F98AE2948FBAD00700D83 /* IGFeedPostGeneralTableViewCell.swift */ = {isa = PBXFileReference; lastKnownFileType = sourcecode.swift; path = IGFeedPostGeneralTableViewCell.swift; sourceTree = "<group>"; };
		5B6CB966293F958C006EE2CA /* InstagramClone.app */ = {isa = PBXFileReference; explicitFileType = wrapper.application; includeInIndex = 0; path = InstagramClone.app; sourceTree = BUILT_PRODUCTS_DIR; };
		5B6CB969293F958C006EE2CA /* AppDelegate.swift */ = {isa = PBXFileReference; lastKnownFileType = sourcecode.swift; path = AppDelegate.swift; sourceTree = "<group>"; };
		5B6CB96B293F958C006EE2CA /* SceneDelegate.swift */ = {isa = PBXFileReference; lastKnownFileType = sourcecode.swift; path = SceneDelegate.swift; sourceTree = "<group>"; };
		5B6CB96D293F958C006EE2CA /* HomeViewController.swift */ = {isa = PBXFileReference; lastKnownFileType = sourcecode.swift; path = HomeViewController.swift; sourceTree = "<group>"; };
		5B6CB970293F958C006EE2CA /* Base */ = {isa = PBXFileReference; lastKnownFileType = file.storyboard; name = Base; path = Base.lproj/Main.storyboard; sourceTree = "<group>"; };
		5B6CB972293F958E006EE2CA /* Assets.xcassets */ = {isa = PBXFileReference; lastKnownFileType = folder.assetcatalog; path = Assets.xcassets; sourceTree = "<group>"; };
		5B6CB975293F958E006EE2CA /* Base */ = {isa = PBXFileReference; lastKnownFileType = file.storyboard; name = Base; path = Base.lproj/LaunchScreen.storyboard; sourceTree = "<group>"; };
		5B6CB977293F958E006EE2CA /* Info.plist */ = {isa = PBXFileReference; lastKnownFileType = text.plist.xml; path = Info.plist; sourceTree = "<group>"; };
		5B6CB981293F9692006EE2CA /* ExploreViewController.swift */ = {isa = PBXFileReference; lastKnownFileType = sourcecode.swift; path = ExploreViewController.swift; sourceTree = "<group>"; };
		5B6CB983293F9713006EE2CA /* CameraViewController.swift */ = {isa = PBXFileReference; lastKnownFileType = sourcecode.swift; path = CameraViewController.swift; sourceTree = "<group>"; };
		5B6CB985293F972C006EE2CA /* NotificationViewController.swift */ = {isa = PBXFileReference; lastKnownFileType = sourcecode.swift; path = NotificationViewController.swift; sourceTree = "<group>"; };
		5B6CB987293F973A006EE2CA /* ProfileViewController.swift */ = {isa = PBXFileReference; lastKnownFileType = sourcecode.swift; path = ProfileViewController.swift; sourceTree = "<group>"; };
		5B6CB98C293F97A7006EE2CA /* LoginViewController.swift */ = {isa = PBXFileReference; lastKnownFileType = sourcecode.swift; path = LoginViewController.swift; sourceTree = "<group>"; };
		5B6CB98E293F97B9006EE2CA /* RegistrationViewController.swift */ = {isa = PBXFileReference; lastKnownFileType = sourcecode.swift; path = RegistrationViewController.swift; sourceTree = "<group>"; };
		5B6CB990293F97DB006EE2CA /* PostViewController.swift */ = {isa = PBXFileReference; lastKnownFileType = sourcecode.swift; path = PostViewController.swift; sourceTree = "<group>"; };
		5B6CB992293F9805006EE2CA /* EditProfileViewController.swift */ = {isa = PBXFileReference; lastKnownFileType = sourcecode.swift; path = EditProfileViewController.swift; sourceTree = "<group>"; };
		5B6CB994293F981C006EE2CA /* SettingsViewController.swift */ = {isa = PBXFileReference; lastKnownFileType = sourcecode.swift; path = SettingsViewController.swift; sourceTree = "<group>"; };
		5B6CB996293F9833006EE2CA /* ListViewController.swift */ = {isa = PBXFileReference; lastKnownFileType = sourcecode.swift; path = ListViewController.swift; sourceTree = "<group>"; };
		5B6CB998293F9846006EE2CA /* SearchViewController.swift */ = {isa = PBXFileReference; lastKnownFileType = sourcecode.swift; path = SearchViewController.swift; sourceTree = "<group>"; };
		5B6CB99A293F9855006EE2CA /* SearchResultViewController.swift */ = {isa = PBXFileReference; lastKnownFileType = sourcecode.swift; path = SearchResultViewController.swift; sourceTree = "<group>"; };
		5B6CB99C293F9887006EE2CA /* PostEditorViewController.swift */ = {isa = PBXFileReference; lastKnownFileType = sourcecode.swift; path = PostEditorViewController.swift; sourceTree = "<group>"; };
		5B6CB99E293F98B0006EE2CA /* PublishPostViewController.swift */ = {isa = PBXFileReference; lastKnownFileType = sourcecode.swift; path = PublishPostViewController.swift; sourceTree = "<group>"; };
		5B6CB9A0293F9F3D006EE2CA /* GoogleService-Info.plist */ = {isa = PBXFileReference; fileEncoding = 4; lastKnownFileType = text.plist.xml; name = "GoogleService-Info.plist"; path = "../../../../Downloads/GoogleService-Info.plist"; sourceTree = "<group>"; };
		5B6CB9A3293FA202006EE2CA /* DatabaseManager.swift */ = {isa = PBXFileReference; lastKnownFileType = sourcecode.swift; path = DatabaseManager.swift; sourceTree = "<group>"; };
		5B6CB9A5293FA2CE006EE2CA /* AuthManager.swift */ = {isa = PBXFileReference; lastKnownFileType = sourcecode.swift; path = AuthManager.swift; sourceTree = "<group>"; };
		5B6CB9A7293FA32E006EE2CA /* StorageManager.swift */ = {isa = PBXFileReference; lastKnownFileType = sourcecode.swift; path = StorageManager.swift; sourceTree = "<group>"; };
		5B6CB9A9293FACC7006EE2CA /* Extension.swift */ = {isa = PBXFileReference; lastKnownFileType = sourcecode.swift; path = Extension.swift; sourceTree = "<group>"; };
		850B9FA503AA11E77027E283 /* Pods-InstagramClone.debug.xcconfig */ = {isa = PBXFileReference; includeInIndex = 1; lastKnownFileType = text.xcconfig; name = "Pods-InstagramClone.debug.xcconfig"; path = "Target Support Files/Pods-InstagramClone/Pods-InstagramClone.debug.xcconfig"; sourceTree = "<group>"; };
		A7F5D17815A0D8D5E949B8AD /* Pods_InstagramClone.framework */ = {isa = PBXFileReference; explicitFileType = wrapper.framework; includeInIndex = 0; path = Pods_InstagramClone.framework; sourceTree = BUILT_PRODUCTS_DIR; };
		C70A6AB61E87E4730AB30E66 /* Pods-InstagramClone.release.xcconfig */ = {isa = PBXFileReference; includeInIndex = 1; lastKnownFileType = text.xcconfig; name = "Pods-InstagramClone.release.xcconfig"; path = "Target Support Files/Pods-InstagramClone/Pods-InstagramClone.release.xcconfig"; sourceTree = "<group>"; };
/* End PBXFileReference section */

/* Begin PBXFrameworksBuildPhase section */
		5B6CB963293F958C006EE2CA /* Frameworks */ = {
			isa = PBXFrameworksBuildPhase;
			buildActionMask = 2147483647;
			files = (
				D00CFF629D5ED51466A8C8A0 /* Pods_InstagramClone.framework in Frameworks */,
			);
			runOnlyForDeploymentPostprocessing = 0;
		};
/* End PBXFrameworksBuildPhase section */

/* Begin PBXGroup section */
		4DED785BC46F6D0551B0DCAB /* Pods */ = {
			isa = PBXGroup;
			children = (
				850B9FA503AA11E77027E283 /* Pods-InstagramClone.debug.xcconfig */,
				C70A6AB61E87E4730AB30E66 /* Pods-InstagramClone.release.xcconfig */,
			);
			path = Pods;
			sourceTree = "<group>";
		};
		5B4F98A52948F1BB00700D83 /* Cells */ = {
			isa = PBXGroup;
			children = (
				5B4F98A92948FB2D00700D83 /* Home Feed */,
			);
			path = Cells;
			sourceTree = "<group>";
		};
		5B4F98A62948F1CF00700D83 /* Storyboard */ = {
			isa = PBXGroup;
			children = (
				5B6CB96F293F958C006EE2CA /* Main.storyboard */,
				5B6CB974293F958E006EE2CA /* LaunchScreen.storyboard */,
			);
			path = Storyboard;
			sourceTree = "<group>";
		};
		5B4F98A92948FB2D00700D83 /* Home Feed */ = {
			isa = PBXGroup;
			children = (
				5B4F98A72948F24E00700D83 /* IGFeedPostTableViewCell.swift */,
				5B4F98AA2948FB5D00700D83 /* IGFeedPostHeaderTableViewCell.swift */,
				5B4F98AC2948FB8400700D83 /* IGFeedPostActionsTableViewCell.swift */,
				5B4F98AE2948FBAD00700D83 /* IGFeedPostGeneralTableViewCell.swift */,
			);
			path = "Home Feed";
			sourceTree = "<group>";
		};
		5B6CB95D293F958C006EE2CA = {
			isa = PBXGroup;
			children = (
				5B6CB968293F958C006EE2CA /* InstagramClone */,
				5B6CB967293F958C006EE2CA /* Products */,
				4DED785BC46F6D0551B0DCAB /* Pods */,
				8D26E6B71A2D3B92E540B34F /* Frameworks */,
			);
			sourceTree = "<group>";
		};
		5B6CB967293F958C006EE2CA /* Products */ = {
			isa = PBXGroup;
			children = (
				5B6CB966293F958C006EE2CA /* InstagramClone.app */,
			);
			name = Products;
			sourceTree = "<group>";
		};
		5B6CB968293F958C006EE2CA /* InstagramClone */ = {
			isa = PBXGroup;
			children = (
				5B6CB980293F95F5006EE2CA /* Resources */,
				5B6CB97F293F95ED006EE2CA /* Models */,
				5B6CB97E293F95E5006EE2CA /* Views */,
				5B6CB97D293F95DB006EE2CA /* Controllers */,
				5B6CB977293F958E006EE2CA /* Info.plist */,
			);
			path = InstagramClone;
			sourceTree = "<group>";
		};
		5B6CB97D293F95DB006EE2CA /* Controllers */ = {
			isa = PBXGroup;
			children = (
				5B6CB98A293F9777006EE2CA /* Onboarding */,
				5B6CB989293F9745006EE2CA /* Core */,
			);
			path = Controllers;
			sourceTree = "<group>";
		};
		5B6CB97E293F95E5006EE2CA /* Views */ = {
			isa = PBXGroup;
			children = (
				5B6CB972293F958E006EE2CA /* Assets.xcassets */,
				5B4F98A62948F1CF00700D83 /* Storyboard */,
				5B4F98A52948F1BB00700D83 /* Cells */,
			);
			path = Views;
			sourceTree = "<group>";
		};
		5B6CB97F293F95ED006EE2CA /* Models */ = {
			isa = PBXGroup;
			children = (
			);
			path = Models;
			sourceTree = "<group>";
		};
		5B6CB980293F95F5006EE2CA /* Resources */ = {
			isa = PBXGroup;
			children = (
				5B6CB9A0293F9F3D006EE2CA /* GoogleService-Info.plist */,
				5B6CB969293F958C006EE2CA /* AppDelegate.swift */,
				5B6CB96B293F958C006EE2CA /* SceneDelegate.swift */,
				5B6CB9A3293FA202006EE2CA /* DatabaseManager.swift */,
				5B6CB9A5293FA2CE006EE2CA /* AuthManager.swift */,
				5B6CB9A7293FA32E006EE2CA /* StorageManager.swift */,
				5B6CB9A9293FACC7006EE2CA /* Extension.swift */,
			);
			path = Resources;
			sourceTree = "<group>";
		};
		5B6CB989293F9745006EE2CA /* Core */ = {
			isa = PBXGroup;
			children = (
				5B6CB96D293F958C006EE2CA /* HomeViewController.swift */,
				5B6CB981293F9692006EE2CA /* ExploreViewController.swift */,
				5B6CB983293F9713006EE2CA /* CameraViewController.swift */,
				5B6CB985293F972C006EE2CA /* NotificationViewController.swift */,
				5B6CB987293F973A006EE2CA /* ProfileViewController.swift */,
			);
			path = Core;
			sourceTree = "<group>";
		};
		5B6CB98A293F9777006EE2CA /* Onboarding */ = {
			isa = PBXGroup;
			children = (
				5B6CB98C293F97A7006EE2CA /* LoginViewController.swift */,
				5B6CB98E293F97B9006EE2CA /* RegistrationViewController.swift */,
				5B6CB9A2293FA176006EE2CA /* General */,
			);
			path = Onboarding;
			sourceTree = "<group>";
		};
		5B6CB9A2293FA176006EE2CA /* General */ = {
			isa = PBXGroup;
			children = (
				5B6CB990293F97DB006EE2CA /* PostViewController.swift */,
				5B6CB992293F9805006EE2CA /* EditProfileViewController.swift */,
				5B6CB994293F981C006EE2CA /* SettingsViewController.swift */,
				5B6CB996293F9833006EE2CA /* ListViewController.swift */,
				5B6CB998293F9846006EE2CA /* SearchViewController.swift */,
				5B6CB99A293F9855006EE2CA /* SearchResultViewController.swift */,
				5B6CB99C293F9887006EE2CA /* PostEditorViewController.swift */,
				5B6CB99E293F98B0006EE2CA /* PublishPostViewController.swift */,
			);
			name = General;
			sourceTree = "<group>";
		};
		8D26E6B71A2D3B92E540B34F /* Frameworks */ = {
			isa = PBXGroup;
			children = (
				A7F5D17815A0D8D5E949B8AD /* Pods_InstagramClone.framework */,
			);
			name = Frameworks;
			sourceTree = "<group>";
		};
/* End PBXGroup section */

/* Begin PBXNativeTarget section */
		5B6CB965293F958C006EE2CA /* InstagramClone */ = {
			isa = PBXNativeTarget;
			buildConfigurationList = 5B6CB97A293F958E006EE2CA /* Build configuration list for PBXNativeTarget "InstagramClone" */;
			buildPhases = (
				AD3973EE8654359D51C7C52A /* [CP] Check Pods Manifest.lock */,
				5B6CB962293F958C006EE2CA /* Sources */,
				5B6CB963293F958C006EE2CA /* Frameworks */,
				5B6CB964293F958C006EE2CA /* Resources */,
				1FF581883661370C23EC529F /* [CP] Embed Pods Frameworks */,
			);
			buildRules = (
			);
			dependencies = (
			);
			name = InstagramClone;
			productName = InstagramClone;
			productReference = 5B6CB966293F958C006EE2CA /* InstagramClone.app */;
			productType = "com.apple.product-type.application";
		};
/* End PBXNativeTarget section */

/* Begin PBXProject section */
		5B6CB95E293F958C006EE2CA /* Project object */ = {
			isa = PBXProject;
			attributes = {
				BuildIndependentTargetsInParallel = 1;
				LastSwiftUpdateCheck = 1410;
				LastUpgradeCheck = 1410;
				TargetAttributes = {
					5B6CB965293F958C006EE2CA = {
						CreatedOnToolsVersion = 14.1;
					};
				};
			};
			buildConfigurationList = 5B6CB961293F958C006EE2CA /* Build configuration list for PBXProject "InstagramClone" */;
			compatibilityVersion = "Xcode 14.0";
			developmentRegion = en;
			hasScannedForEncodings = 0;
			knownRegions = (
				en,
				Base,
			);
			mainGroup = 5B6CB95D293F958C006EE2CA;
			productRefGroup = 5B6CB967293F958C006EE2CA /* Products */;
			projectDirPath = "";
			projectRoot = "";
			targets = (
				5B6CB965293F958C006EE2CA /* InstagramClone */,
			);
		};
/* End PBXProject section */

/* Begin PBXResourcesBuildPhase section */
		5B6CB964293F958C006EE2CA /* Resources */ = {
			isa = PBXResourcesBuildPhase;
			buildActionMask = 2147483647;
			files = (
				5B6CB976293F958E006EE2CA /* LaunchScreen.storyboard in Resources */,
				5B6CB9A1293F9F3D006EE2CA /* GoogleService-Info.plist in Resources */,
				5B6CB973293F958E006EE2CA /* Assets.xcassets in Resources */,
				5B6CB971293F958C006EE2CA /* Main.storyboard in Resources */,
			);
			runOnlyForDeploymentPostprocessing = 0;
		};
/* End PBXResourcesBuildPhase section */

/* Begin PBXShellScriptBuildPhase section */
		1FF581883661370C23EC529F /* [CP] Embed Pods Frameworks */ = {
			isa = PBXShellScriptBuildPhase;
			buildActionMask = 2147483647;
			files = (
			);
			inputFileListPaths = (
				"${PODS_ROOT}/Target Support Files/Pods-InstagramClone/Pods-InstagramClone-frameworks-${CONFIGURATION}-input-files.xcfilelist",
			);
			name = "[CP] Embed Pods Frameworks";
			outputFileListPaths = (
				"${PODS_ROOT}/Target Support Files/Pods-InstagramClone/Pods-InstagramClone-frameworks-${CONFIGURATION}-output-files.xcfilelist",
			);
			runOnlyForDeploymentPostprocessing = 0;
			shellPath = /bin/sh;
			shellScript = "\"${PODS_ROOT}/Target Support Files/Pods-InstagramClone/Pods-InstagramClone-frameworks.sh\"\n";
			showEnvVarsInLog = 0;
		};
		AD3973EE8654359D51C7C52A /* [CP] Check Pods Manifest.lock */ = {
			isa = PBXShellScriptBuildPhase;
			buildActionMask = 2147483647;
			files = (
			);
			inputFileListPaths = (
			);
			inputPaths = (
				"${PODS_PODFILE_DIR_PATH}/Podfile.lock",
				"${PODS_ROOT}/Manifest.lock",
			);
			name = "[CP] Check Pods Manifest.lock";
			outputFileListPaths = (
			);
			outputPaths = (
				"$(DERIVED_FILE_DIR)/Pods-InstagramClone-checkManifestLockResult.txt",
			);
			runOnlyForDeploymentPostprocessing = 0;
			shellPath = /bin/sh;
			shellScript = "diff \"${PODS_PODFILE_DIR_PATH}/Podfile.lock\" \"${PODS_ROOT}/Manifest.lock\" > /dev/null\nif [ $? != 0 ] ; then\n    # print error to STDERR\n    echo \"error: The sandbox is not in sync with the Podfile.lock. Run 'pod install' or update your CocoaPods installation.\" >&2\n    exit 1\nfi\n# This output is used by Xcode 'outputs' to avoid re-running this script phase.\necho \"SUCCESS\" > \"${SCRIPT_OUTPUT_FILE_0}\"\n";
			showEnvVarsInLog = 0;
		};
/* End PBXShellScriptBuildPhase section */

/* Begin PBXSourcesBuildPhase section */
		5B6CB962293F958C006EE2CA /* Sources */ = {
			isa = PBXSourcesBuildPhase;
			buildActionMask = 2147483647;
			files = (
				5B6CB993293F9805006EE2CA /* EditProfileViewController.swift in Sources */,
				5B6CB982293F9692006EE2CA /* ExploreViewController.swift in Sources */,
				5B6CB99F293F98B0006EE2CA /* PublishPostViewController.swift in Sources */,
				5B6CB984293F9713006EE2CA /* CameraViewController.swift in Sources */,
				5B6CB986293F972C006EE2CA /* NotificationViewController.swift in Sources */,
				5B6CB98F293F97B9006EE2CA /* RegistrationViewController.swift in Sources */,
				5B4F98AB2948FB5D00700D83 /* IGFeedPostHeaderTableViewCell.swift in Sources */,
				5B6CB99D293F9887006EE2CA /* PostEditorViewController.swift in Sources */,
				5B6CB9A8293FA32E006EE2CA /* StorageManager.swift in Sources */,
				5B6CB991293F97DB006EE2CA /* PostViewController.swift in Sources */,
				5B6CB9AA293FACC7006EE2CA /* Extension.swift in Sources */,
				5B6CB9A4293FA202006EE2CA /* DatabaseManager.swift in Sources */,
				5B4F98A82948F24E00700D83 /* IGFeedPostTableViewCell.swift in Sources */,
				5B6CB96E293F958C006EE2CA /* HomeViewController.swift in Sources */,
				5B6CB99B293F9855006EE2CA /* SearchResultViewController.swift in Sources */,
				5B6CB98D293F97A7006EE2CA /* LoginViewController.swift in Sources */,
				5B4F98AF2948FBAD00700D83 /* IGFeedPostGeneralTableViewCell.swift in Sources */,
				5B6CB999293F9846006EE2CA /* SearchViewController.swift in Sources */,
				5B6CB988293F973A006EE2CA /* ProfileViewController.swift in Sources */,
				5B6CB9A6293FA2CE006EE2CA /* AuthManager.swift in Sources */,
				5B6CB96A293F958C006EE2CA /* AppDelegate.swift in Sources */,
				5B6CB96C293F958C006EE2CA /* SceneDelegate.swift in Sources */,
				5B4F98AD2948FB8400700D83 /* IGFeedPostActionsTableViewCell.swift in Sources */,
				5B6CB997293F9833006EE2CA /* ListViewController.swift in Sources */,
				5B6CB995293F981C006EE2CA /* SettingsViewController.swift in Sources */,
			);
			runOnlyForDeploymentPostprocessing = 0;
		};
/* End PBXSourcesBuildPhase section */

/* Begin PBXVariantGroup section */
		5B6CB96F293F958C006EE2CA /* Main.storyboard */ = {
			isa = PBXVariantGroup;
			children = (
				5B6CB970293F958C006EE2CA /* Base */,
			);
			name = Main.storyboard;
			sourceTree = "<group>";
		};
		5B6CB974293F958E006EE2CA /* LaunchScreen.storyboard */ = {
			isa = PBXVariantGroup;
			children = (
				5B6CB975293F958E006EE2CA /* Base */,
			);
			name = LaunchScreen.storyboard;
			sourceTree = "<group>";
		};
/* End PBXVariantGroup section */

/* Begin XCBuildConfiguration section */
		5B6CB978293F958E006EE2CA /* Debug */ = {
			isa = XCBuildConfiguration;
			buildSettings = {
				ALWAYS_SEARCH_USER_PATHS = NO;
				CLANG_ANALYZER_NONNULL = YES;
				CLANG_ANALYZER_NUMBER_OBJECT_CONVERSION = YES_AGGRESSIVE;
				CLANG_CXX_LANGUAGE_STANDARD = "gnu++20";
				CLANG_ENABLE_MODULES = YES;
				CLANG_ENABLE_OBJC_ARC = YES;
				CLANG_ENABLE_OBJC_WEAK = YES;
				CLANG_WARN_BLOCK_CAPTURE_AUTORELEASING = YES;
				CLANG_WARN_BOOL_CONVERSION = YES;
				CLANG_WARN_COMMA = YES;
				CLANG_WARN_CONSTANT_CONVERSION = YES;
				CLANG_WARN_DEPRECATED_OBJC_IMPLEMENTATIONS = YES;
				CLANG_WARN_DIRECT_OBJC_ISA_USAGE = YES_ERROR;
				CLANG_WARN_DOCUMENTATION_COMMENTS = YES;
				CLANG_WARN_EMPTY_BODY = YES;
				CLANG_WARN_ENUM_CONVERSION = YES;
				CLANG_WARN_INFINITE_RECURSION = YES;
				CLANG_WARN_INT_CONVERSION = YES;
				CLANG_WARN_NON_LITERAL_NULL_CONVERSION = YES;
				CLANG_WARN_OBJC_IMPLICIT_RETAIN_SELF = YES;
				CLANG_WARN_OBJC_LITERAL_CONVERSION = YES;
				CLANG_WARN_OBJC_ROOT_CLASS = YES_ERROR;
				CLANG_WARN_QUOTED_INCLUDE_IN_FRAMEWORK_HEADER = YES;
				CLANG_WARN_RANGE_LOOP_ANALYSIS = YES;
				CLANG_WARN_STRICT_PROTOTYPES = YES;
				CLANG_WARN_SUSPICIOUS_MOVE = YES;
				CLANG_WARN_UNGUARDED_AVAILABILITY = YES_AGGRESSIVE;
				CLANG_WARN_UNREACHABLE_CODE = YES;
				CLANG_WARN__DUPLICATE_METHOD_MATCH = YES;
				COPY_PHASE_STRIP = NO;
				DEBUG_INFORMATION_FORMAT = dwarf;
				ENABLE_STRICT_OBJC_MSGSEND = YES;
				ENABLE_TESTABILITY = YES;
				GCC_C_LANGUAGE_STANDARD = gnu11;
				GCC_DYNAMIC_NO_PIC = NO;
				GCC_NO_COMMON_BLOCKS = YES;
				GCC_OPTIMIZATION_LEVEL = 0;
				GCC_PREPROCESSOR_DEFINITIONS = (
					"DEBUG=1",
					"$(inherited)",
				);
				GCC_WARN_64_TO_32_BIT_CONVERSION = YES;
				GCC_WARN_ABOUT_RETURN_TYPE = YES_ERROR;
				GCC_WARN_UNDECLARED_SELECTOR = YES;
				GCC_WARN_UNINITIALIZED_AUTOS = YES_AGGRESSIVE;
				GCC_WARN_UNUSED_FUNCTION = YES;
				GCC_WARN_UNUSED_VARIABLE = YES;
				IPHONEOS_DEPLOYMENT_TARGET = 16.1;
				MTL_ENABLE_DEBUG_INFO = INCLUDE_SOURCE;
				MTL_FAST_MATH = YES;
				ONLY_ACTIVE_ARCH = YES;
				SDKROOT = iphoneos;
				SWIFT_ACTIVE_COMPILATION_CONDITIONS = DEBUG;
				SWIFT_OPTIMIZATION_LEVEL = "-Onone";
			};
			name = Debug;
		};
		5B6CB979293F958E006EE2CA /* Release */ = {
			isa = XCBuildConfiguration;
			buildSettings = {
				ALWAYS_SEARCH_USER_PATHS = NO;
				CLANG_ANALYZER_NONNULL = YES;
				CLANG_ANALYZER_NUMBER_OBJECT_CONVERSION = YES_AGGRESSIVE;
				CLANG_CXX_LANGUAGE_STANDARD = "gnu++20";
				CLANG_ENABLE_MODULES = YES;
				CLANG_ENABLE_OBJC_ARC = YES;
				CLANG_ENABLE_OBJC_WEAK = YES;
				CLANG_WARN_BLOCK_CAPTURE_AUTORELEASING = YES;
				CLANG_WARN_BOOL_CONVERSION = YES;
				CLANG_WARN_COMMA = YES;
				CLANG_WARN_CONSTANT_CONVERSION = YES;
				CLANG_WARN_DEPRECATED_OBJC_IMPLEMENTATIONS = YES;
				CLANG_WARN_DIRECT_OBJC_ISA_USAGE = YES_ERROR;
				CLANG_WARN_DOCUMENTATION_COMMENTS = YES;
				CLANG_WARN_EMPTY_BODY = YES;
				CLANG_WARN_ENUM_CONVERSION = YES;
				CLANG_WARN_INFINITE_RECURSION = YES;
				CLANG_WARN_INT_CONVERSION = YES;
				CLANG_WARN_NON_LITERAL_NULL_CONVERSION = YES;
				CLANG_WARN_OBJC_IMPLICIT_RETAIN_SELF = YES;
				CLANG_WARN_OBJC_LITERAL_CONVERSION = YES;
				CLANG_WARN_OBJC_ROOT_CLASS = YES_ERROR;
				CLANG_WARN_QUOTED_INCLUDE_IN_FRAMEWORK_HEADER = YES;
				CLANG_WARN_RANGE_LOOP_ANALYSIS = YES;
				CLANG_WARN_STRICT_PROTOTYPES = YES;
				CLANG_WARN_SUSPICIOUS_MOVE = YES;
				CLANG_WARN_UNGUARDED_AVAILABILITY = YES_AGGRESSIVE;
				CLANG_WARN_UNREACHABLE_CODE = YES;
				CLANG_WARN__DUPLICATE_METHOD_MATCH = YES;
				COPY_PHASE_STRIP = NO;
				DEBUG_INFORMATION_FORMAT = "dwarf-with-dsym";
				ENABLE_NS_ASSERTIONS = NO;
				ENABLE_STRICT_OBJC_MSGSEND = YES;
				GCC_C_LANGUAGE_STANDARD = gnu11;
				GCC_NO_COMMON_BLOCKS = YES;
				GCC_WARN_64_TO_32_BIT_CONVERSION = YES;
				GCC_WARN_ABOUT_RETURN_TYPE = YES_ERROR;
				GCC_WARN_UNDECLARED_SELECTOR = YES;
				GCC_WARN_UNINITIALIZED_AUTOS = YES_AGGRESSIVE;
				GCC_WARN_UNUSED_FUNCTION = YES;
				GCC_WARN_UNUSED_VARIABLE = YES;
				IPHONEOS_DEPLOYMENT_TARGET = 16.1;
				MTL_ENABLE_DEBUG_INFO = NO;
				MTL_FAST_MATH = YES;
				SDKROOT = iphoneos;
				SWIFT_COMPILATION_MODE = wholemodule;
				SWIFT_OPTIMIZATION_LEVEL = "-O";
				VALIDATE_PRODUCT = YES;
			};
			name = Release;
		};
		5B6CB97B293F958E006EE2CA /* Debug */ = {
			isa = XCBuildConfiguration;
			baseConfigurationReference = 850B9FA503AA11E77027E283 /* Pods-InstagramClone.debug.xcconfig */;
			buildSettings = {
				ASSETCATALOG_COMPILER_APPICON_NAME = AppIcon;
				ASSETCATALOG_COMPILER_GLOBAL_ACCENT_COLOR_NAME = AccentColor;
				CODE_SIGN_STYLE = Automatic;
				CURRENT_PROJECT_VERSION = 1;
				GENERATE_INFOPLIST_FILE = YES;
				INFOPLIST_FILE = InstagramClone/Info.plist;
				INFOPLIST_KEY_UIApplicationSupportsIndirectInputEvents = YES;
				INFOPLIST_KEY_UILaunchStoryboardName = LaunchScreen;
				INFOPLIST_KEY_UIMainStoryboardFile = Main;
				INFOPLIST_KEY_UISupportedInterfaceOrientations = UIInterfaceOrientationPortrait;
				IPHONEOS_DEPLOYMENT_TARGET = 13.6;
				LD_RUNPATH_SEARCH_PATHS = (
					"$(inherited)",
					"@executable_path/Frameworks",
				);
				MARKETING_VERSION = 1.0;
				PRODUCT_BUNDLE_IDENTIFIER = com.theoJung.InstagramClone;
				PRODUCT_NAME = "$(TARGET_NAME)";
				SWIFT_EMIT_LOC_STRINGS = YES;
				SWIFT_VERSION = 5.0;
				TARGETED_DEVICE_FAMILY = "1,2";
			};
			name = Debug;
		};
		5B6CB97C293F958E006EE2CA /* Release */ = {
			isa = XCBuildConfiguration;
			baseConfigurationReference = C70A6AB61E87E4730AB30E66 /* Pods-InstagramClone.release.xcconfig */;
			buildSettings = {
				ASSETCATALOG_COMPILER_APPICON_NAME = AppIcon;
				ASSETCATALOG_COMPILER_GLOBAL_ACCENT_COLOR_NAME = AccentColor;
				CODE_SIGN_STYLE = Automatic;
				CURRENT_PROJECT_VERSION = 1;
				GENERATE_INFOPLIST_FILE = YES;
				INFOPLIST_FILE = InstagramClone/Info.plist;
				INFOPLIST_KEY_UIApplicationSupportsIndirectInputEvents = YES;
				INFOPLIST_KEY_UILaunchStoryboardName = LaunchScreen;
				INFOPLIST_KEY_UIMainStoryboardFile = Main;
				INFOPLIST_KEY_UISupportedInterfaceOrientations = UIInterfaceOrientationPortrait;
				IPHONEOS_DEPLOYMENT_TARGET = 13.6;
				LD_RUNPATH_SEARCH_PATHS = (
					"$(inherited)",
					"@executable_path/Frameworks",
				);
				MARKETING_VERSION = 1.0;
				PRODUCT_BUNDLE_IDENTIFIER = com.theoJung.InstagramClone;
				PRODUCT_NAME = "$(TARGET_NAME)";
				SWIFT_EMIT_LOC_STRINGS = YES;
				SWIFT_VERSION = 5.0;
				TARGETED_DEVICE_FAMILY = "1,2";
			};
			name = Release;
		};
/* End XCBuildConfiguration section */

/* Begin XCConfigurationList section */
		5B6CB961293F958C006EE2CA /* Build configuration list for PBXProject "InstagramClone" */ = {
			isa = XCConfigurationList;
			buildConfigurations = (
				5B6CB978293F958E006EE2CA /* Debug */,
				5B6CB979293F958E006EE2CA /* Release */,
			);
			defaultConfigurationIsVisible = 0;
			defaultConfigurationName = Release;
		};
		5B6CB97A293F958E006EE2CA /* Build configuration list for PBXNativeTarget "InstagramClone" */ = {
			isa = XCConfigurationList;
			buildConfigurations = (
				5B6CB97B293F958E006EE2CA /* Debug */,
				5B6CB97C293F958E006EE2CA /* Release */,
			);
			defaultConfigurationIsVisible = 0;
			defaultConfigurationName = Release;
		};
/* End XCConfigurationList section */
	};
	rootObject = 5B6CB95E293F958C006EE2CA /* Project object */;
}
